
Microsoft Visual Studio Solution File, Format Version 12.00
# Visual Studio 15
VisualStudioVersion = 15.0.28307.757
MinimumVisualStudioVersion = 10.0.40219.1
Project("{49E1D09D-05E4-4E97-8E98-E803908E8F20}") = "lua-apclientpp-53", "lua-apclientpp-53-static.vcxproj", "{9A2CC2FF-4BE1-4198-A01A-CB7C0494E504}"
EndProject
Global
	GlobalSection(SolutionConfigurationPlatforms) = preSolution
		Debug|x64 = Debug|x64
		Debug|x86 = Debug|x86
		Release|x64 = Release|x64
		Release|x86 = Release|x86
	EndGlobalSection
	GlobalSection(ProjectConfigurationPlatforms) = postSolution
		{9A2CC2FF-4BE1-4198-A01A-CB7C0494E504}.Debug|x64.ActiveCfg = Debug|x64
		{9A2CC2FF-4BE1-4198-A01A-CB7C0494E504}.Debug|x64.Build.0 = Debug|x64
		{9A2CC2FF-4BE1-4198-A01A-CB7C0494E504}.Debug|x86.ActiveCfg = Debug|Win32
		{9A2CC2FF-4BE1-4198-A01A-CB7C0494E504}.Debug|x86.Build.0 = Debug|Win32
		{9A2CC2FF-4BE1-4198-A01A-CB7C0494E504}.Release|x64.ActiveCfg = Release|x64
		{9A2CC2FF-4BE1-4198-A01A-CB7C0494E504}.Release|x64.Build.0 = Release|x64
		{9A2CC2FF-4BE1-4198-A01A-CB7C0494E504}.Release|x86.ActiveCfg = Release|Win32
		{9A2CC2FF-4BE1-4198-A01A-CB7C0494E504}.Release|x86.Build.0 = Release|Win32
	EndGlobalSection
	GlobalSection(SolutionProperties) = preSolution
		HideSolutionNode = FALSE
	EndGlobalSection
	GlobalSection(ExtensibilityGlobals) = postSolution
		SolutionGuid = {93F74FF6-F4DA-4D38-86C2-8B6E197E47DB}
	EndGlobalSection
EndGlobal
