
Microsoft Visual Studio Solution File, Format Version 12.00
# Visual Studio 17
VisualStudioVersion = 17.14.36301.6
MinimumVisualStudioVersion = 10.0.40219.1
Project("{D36EDD4B-5C7B-4D17-B93A-7967C1065970}") = "lua-apclientpp-52", "lua-apclientpp-52-static.vcxproj", "{8E493847-D3FC-4AAF-B741-F60167B4FE9B}"
EndProject
Global
	GlobalSection(SolutionConfigurationPlatforms) = preSolution
		Debug|x64 = Debug|x64
		Debug|x86 = Debug|x86
		Release|x64 = Release|x64
		Release|x86 = Release|x86
	EndGlobalSection
	GlobalSection(ProjectConfigurationPlatforms) = postSolution
		{8E493847-D3FC-4AAF-B741-F60167B4FE9B}.Debug|x64.ActiveCfg = Debug|x64
		{8E493847-D3FC-4AAF-B741-F60167B4FE9B}.Debug|x64.Build.0 = Debug|x64
		{8E493847-D3FC-4AAF-B741-F60167B4FE9B}.Debug|x86.ActiveCfg = Debug|Win32
		{8E493847-D3FC-4AAF-B741-F60167B4FE9B}.Debug|x86.Build.0 = Debug|Win32
		{8E493847-D3FC-4AAF-B741-F60167B4FE9B}.Release|x64.ActiveCfg = Release|x64
		{8E493847-D3FC-4AAF-B741-F60167B4FE9B}.Release|x64.Build.0 = Release|x64
		{8E493847-D3FC-4AAF-B741-F60167B4FE9B}.Release|x86.ActiveCfg = Release|Win32
		{8E493847-D3FC-4AAF-B741-F60167B4FE9B}.Release|x86.Build.0 = Release|Win32
	EndGlobalSection
	GlobalSection(SolutionProperties) = preSolution
		HideSolutionNode = FALSE
	EndGlobalSection
	GlobalSection(ExtensibilityGlobals) = postSolution
		SolutionGuid = {93F74FF6-F4DA-4D38-86C2-8B6E197E47DB}
	EndGlobalSection
EndGlobal
